PODS:
  - DBOC (0.6.1):
    - FMDB
  - FMDB (2.7.5):
    - FMDB/standard (= 2.7.5)
  - FMDB/standard (2.7.5)

DEPENDENCIES:
  - DBOC (from `../`)
  - FMDB

SPEC REPOS:
  trunk:
    - FMDB

EXTERNAL SOURCES:
  DBOC:
    :path: "../"

SPEC CHECKSUMS:
  DBOC: 6616b2cee6af32ec7f333bff1db55462641aa822
  FMDB: 2ce00b547f966261cd18927a3ddb07cb6f3db82a

PODFILE CHECKSUM: ac84b38a1595148f529e84caab6473d301acad68

COCOAPODS: 1.10.1
